
Microsoft Visual Studio Solution File, Format Version 12.00
# Visual Studio Version 17
VisualStudioVersion = 17.6.33829.357
MinimumVisualStudioVersion = 10.0.40219.1
Project("{FAE04EC0-301F-11D3-BF4B-00C04F79EFBC}") = "BoardGameList", "BoardGameList\BoardGameList.csproj", "{34871A9A-4742-43DF-BE68-E21C0F75A593}"
EndProject
Global
	GlobalSection(SolutionConfigurationPlatforms) = preSolution
		Debug|Any CPU = Debug|Any CPU
		Release|Any CPU = Release|Any CPU
	EndGlobalSection
	GlobalSection(ProjectConfigurationPlatforms) = postSolution
		{34871A9A-4742-43DF-BE68-E21C0F75A593}.Debug|Any CPU.ActiveCfg = Debug|Any CPU
		{34871A9A-4742-43DF-BE68-E21C0F75A593}.Debug|Any CPU.Build.0 = Debug|Any CPU
		{34871A9A-4742-43DF-BE68-E21C0F75A593}.Release|Any CPU.ActiveCfg = Release|Any CPU
		{34871A9A-4742-43DF-BE68-E21C0F75A593}.Release|Any CPU.Build.0 = Release|Any CPU
	EndGlobalSection
	GlobalSection(SolutionProperties) = preSolution
		HideSolutionNode = FALSE
	EndGlobalSection
	GlobalSection(ExtensibilityGlobals) = postSolution
		SolutionGuid = {D4706BF6-40DB-4F30-90EB-E8E23BBD2F91}
	EndGlobalSection
EndGlobal
